// !$*UTF8*$!
{
	archiveVersion = 1;
	classes = {
	};
	objectVersion = 48;
	objects = {

/* Begin PBXBuildFile section */
		EA1717711FBC35B200097CC4 /* com.e-legion.DefaultStorageDataModel.xcdatamodeld in Sources */ = {isa = PBXBuildFile; fileRef = EA17176F1FBC35B200097CC4 /* com.e-legion.DefaultStorageDataModel.xcdatamodeld */; };
		EA5393AF1FBC5F37001C4063 /* DebugProcessor.swift in Sources */ = {isa = PBXBuildFile; fileRef = EA5393AE1FBC5F37001C4063 /* DebugProcessor.swift */; };
		EA5393B11FBC5F78001C4063 /* DefaultOutput.swift in Sources */ = {isa = PBXBuildFile; fileRef = EA5393B01FBC5F78001C4063 /* DefaultOutput.swift */; };
		EAE9CCAF1FBAE0A000C1B9F2 /* ios_logger.h in Headers */ = {isa = PBXBuildFile; fileRef = EAE9CCAD1FBAE0A000C1B9F2 /* ios_logger.h */; settings = {ATTRIBUTES = (Public, ); }; };
		EAE9CCC11FBAE0CE00C1B9F2 /* DefaultStorage.swift in Sources */ = {isa = PBXBuildFile; fileRef = EAE9CCB61FBAE0CE00C1B9F2 /* DefaultStorage.swift */; };
		EAE9CCC31FBAE0CE00C1B9F2 /* Entities.swift in Sources */ = {isa = PBXBuildFile; fileRef = EAE9CCB81FBAE0CE00C1B9F2 /* Entities.swift */; };
		EAE9CCC41FBAE0CE00C1B9F2 /* Protocols.swift in Sources */ = {isa = PBXBuildFile; fileRef = EAE9CCB91FBAE0CE00C1B9F2 /* Protocols.swift */; };
		EAE9CCC51FBAE0CE00C1B9F2 /* Ailen.swift in Sources */ = {isa = PBXBuildFile; fileRef = EAE9CCBA1FBAE0CE00C1B9F2 /* Ailen.swift */; };
		EAE9CCC61FBAE0CE00C1B9F2 /* DefaultStorageConfiguration.swift in Sources */ = {isa = PBXBuildFile; fileRef = EAE9CCBC1FBAE0CE00C1B9F2 /* DefaultStorageConfiguration.swift */; };
/* End PBXBuildFile section */

/* Begin PBXFileReference section */
		EA1717701FBC35B200097CC4 /* DefaultStorageDataModel.xcdatamodel */ = {isa = PBXFileReference; lastKnownFileType = wrapper.xcdatamodel; path = DefaultStorageDataModel.xcdatamodel; sourceTree = "<group>"; };
		EA5393AE1FBC5F37001C4063 /* DebugProcessor.swift */ = {isa = PBXFileReference; lastKnownFileType = sourcecode.swift; path = DebugProcessor.swift; sourceTree = "<group>"; };
		EA5393B01FBC5F78001C4063 /* DefaultOutput.swift */ = {isa = PBXFileReference; lastKnownFileType = sourcecode.swift; path = DefaultOutput.swift; sourceTree = "<group>"; };
		EAE9CCAA1FBAE0A000C1B9F2 /* ios_logger.framework */ = {isa = PBXFileReference; explicitFileType = wrapper.framework; includeInIndex = 0; path = ios_logger.framework; sourceTree = BUILT_PRODUCTS_DIR; };
		EAE9CCAD1FBAE0A000C1B9F2 /* ios_logger.h */ = {isa = PBXFileReference; lastKnownFileType = sourcecode.c.h; path = ios_logger.h; sourceTree = "<group>"; };
		EAE9CCAE1FBAE0A000C1B9F2 /* Info.plist */ = {isa = PBXFileReference; lastKnownFileType = text.plist.xml; path = Info.plist; sourceTree = "<group>"; };
		EAE9CCB61FBAE0CE00C1B9F2 /* DefaultStorage.swift */ = {isa = PBXFileReference; fileEncoding = 4; lastKnownFileType = sourcecode.swift; path = DefaultStorage.swift; sourceTree = "<group>"; };
		EAE9CCB81FBAE0CE00C1B9F2 /* Entities.swift */ = {isa = PBXFileReference; fileEncoding = 4; lastKnownFileType = sourcecode.swift; path = Entities.swift; sourceTree = "<group>"; };
		EAE9CCB91FBAE0CE00C1B9F2 /* Protocols.swift */ = {isa = PBXFileReference; fileEncoding = 4; lastKnownFileType = sourcecode.swift; path = Protocols.swift; sourceTree = "<group>"; };
		EAE9CCBA1FBAE0CE00C1B9F2 /* Ailen.swift */ = {isa = PBXFileReference; fileEncoding = 4; lastKnownFileType = sourcecode.swift; path = Ailen.swift; sourceTree = "<group>"; };
		EAE9CCBC1FBAE0CE00C1B9F2 /* DefaultStorageConfiguration.swift */ = {isa = PBXFileReference; fileEncoding = 4; lastKnownFileType = sourcecode.swift; path = DefaultStorageConfiguration.swift; sourceTree = "<group>"; };
/* End PBXFileReference section */

/* Begin PBXFrameworksBuildPhase section */
		EAE9CCA61FBAE0A000C1B9F2 /* Frameworks */ = {
			isa = PBXFrameworksBuildPhase;
			buildActionMask = 2147483647;
			files = (
			);
			runOnlyForDeploymentPostprocessing = 0;
		};
/* End PBXFrameworksBuildPhase section */

/* Begin PBXGroup section */
		EAE9CCA01FBAE0A000C1B9F2 = {
			isa = PBXGroup;
			children = (
				EAE9CCAC1FBAE0A000C1B9F2 /* ios-logger */,
				EAE9CCAB1FBAE0A000C1B9F2 /* Products */,
			);
			sourceTree = "<group>";
		};
		EAE9CCAB1FBAE0A000C1B9F2 /* Products */ = {
			isa = PBXGroup;
			children = (
				EAE9CCAA1FBAE0A000C1B9F2 /* ios_logger.framework */,
			);
			name = Products;
			sourceTree = "<group>";
		};
		EAE9CCAC1FBAE0A000C1B9F2 /* ios-logger */ = {
			isa = PBXGroup;
			children = (
				EAE9CCB51FBAE0C400C1B9F2 /* Code */,
				EAE9CCAD1FBAE0A000C1B9F2 /* ios_logger.h */,
				EAE9CCAE1FBAE0A000C1B9F2 /* Info.plist */,
			);
			path = "ios-logger";
			sourceTree = "<group>";
		};
		EAE9CCB51FBAE0C400C1B9F2 /* Code */ = {
			isa = PBXGroup;
			children = (
				EAE9CCBA1FBAE0CE00C1B9F2 /* Ailen.swift */,
				EAE9CCBB1FBAE0CE00C1B9F2 /* CoreData */,
				EA5393AE1FBC5F37001C4063 /* DebugProcessor.swift */,
				EA5393B01FBC5F78001C4063 /* DefaultOutput.swift */,
				EAE9CCB61FBAE0CE00C1B9F2 /* DefaultStorage.swift */,
				EAE9CCB81FBAE0CE00C1B9F2 /* Entities.swift */,
				EAE9CCB91FBAE0CE00C1B9F2 /* Protocols.swift */,
			);
			path = Code;
			sourceTree = "<group>";
		};
		EAE9CCBB1FBAE0CE00C1B9F2 /* CoreData */ = {
			isa = PBXGroup;
			children = (
				EAE9CCBC1FBAE0CE00C1B9F2 /* DefaultStorageConfiguration.swift */,
				EA17176F1FBC35B200097CC4 /* com.e-legion.DefaultStorageDataModel.xcdatamodeld */,
			);
			path = CoreData;
			sourceTree = "<group>";
		};
/* End PBXGroup section */

/* Begin PBXHeadersBuildPhase section */
		EAE9CCA71FBAE0A000C1B9F2 /* Headers */ = {
			isa = PBXHeadersBuildPhase;
			buildActionMask = 2147483647;
			files = (
				EAE9CCAF1FBAE0A000C1B9F2 /* ios_logger.h in Headers */,
			);
			runOnlyForDeploymentPostprocessing = 0;
		};
/* End PBXHeadersBuildPhase section */

/* Begin PBXNativeTarget section */
		EAE9CCA91FBAE0A000C1B9F2 /* ios-logger */ = {
			isa = PBXNativeTarget;
			buildConfigurationList = EAE9CCB21FBAE0A000C1B9F2 /* Build configuration list for PBXNativeTarget "ios-logger" */;
			buildPhases = (
				EAE9CCA51FBAE0A000C1B9F2 /* Sources */,
				EAE9CCA61FBAE0A000C1B9F2 /* Frameworks */,
				EAE9CCA71FBAE0A000C1B9F2 /* Headers */,
				EAE9CCA81FBAE0A000C1B9F2 /* Resources */,
			);
			buildRules = (
			);
			dependencies = (
			);
			name = "ios-logger";
			productName = "ios-logger";
			productReference = EAE9CCAA1FBAE0A000C1B9F2 /* ios_logger.framework */;
			productType = "com.apple.product-type.framework";
		};
/* End PBXNativeTarget section */

/* Begin PBXProject section */
		EAE9CCA11FBAE0A000C1B9F2 /* Project object */ = {
			isa = PBXProject;
			attributes = {
				LastUpgradeCheck = 0910;
				ORGANIZATIONNAME = "e-Legion";
				TargetAttributes = {
					EAE9CCA91FBAE0A000C1B9F2 = {
						CreatedOnToolsVersion = 9.1;
						LastSwiftMigration = 0910;
						ProvisioningStyle = Automatic;
					};
				};
			};
			buildConfigurationList = EAE9CCA41FBAE0A000C1B9F2 /* Build configuration list for PBXProject "ios-logger" */;
			compatibilityVersion = "Xcode 8.0";
			developmentRegion = en;
			hasScannedForEncodings = 0;
			knownRegions = (
				en,
			);
			mainGroup = EAE9CCA01FBAE0A000C1B9F2;
			productRefGroup = EAE9CCAB1FBAE0A000C1B9F2 /* Products */;
			projectDirPath = "";
			projectRoot = "";
			targets = (
				EAE9CCA91FBAE0A000C1B9F2 /* ios-logger */,
			);
		};
/* End PBXProject section */

/* Begin PBXResourcesBuildPhase section */
		EAE9CCA81FBAE0A000C1B9F2 /* Resources */ = {
			isa = PBXResourcesBuildPhase;
			buildActionMask = 2147483647;
			files = (
			);
			runOnlyForDeploymentPostprocessing = 0;
		};
/* End PBXResourcesBuildPhase section */

/* Begin PBXSourcesBuildPhase section */
		EAE9CCA51FBAE0A000C1B9F2 /* Sources */ = {
			isa = PBXSourcesBuildPhase;
			buildActionMask = 2147483647;
			files = (
				EAE9CCC61FBAE0CE00C1B9F2 /* DefaultStorageConfiguration.swift in Sources */,
				EAE9CCC31FBAE0CE00C1B9F2 /* Entities.swift in Sources */,
				EAE9CCC11FBAE0CE00C1B9F2 /* DefaultStorage.swift in Sources */,
				EA1717711FBC35B200097CC4 /* com.e-legion.DefaultStorageDataModel.xcdatamodeld in Sources */,
				EA5393B11FBC5F78001C4063 /* DefaultOutput.swift in Sources */,
				EA5393AF1FBC5F37001C4063 /* DebugProcessor.swift in Sources */,
				EAE9CCC41FBAE0CE00C1B9F2 /* Protocols.swift in Sources */,
				EAE9CCC51FBAE0CE00C1B9F2 /* Ailen.swift in Sources */,
			);
			runOnlyForDeploymentPostprocessing = 0;
		};
/* End PBXSourcesBuildPhase section */

/* Begin XCBuildConfiguration section */
		EAE9CCB01FBAE0A000C1B9F2 /* Debug */ = {
			isa = XCBuildConfiguration;
			buildSettings = {
				ALWAYS_SEARCH_USER_PATHS = NO;
				CLANG_ANALYZER_NONNULL = YES;
				CLANG_ANALYZER_NUMBER_OBJECT_CONVERSION = YES_AGGRESSIVE;
				CLANG_CXX_LANGUAGE_STANDARD = "gnu++14";
				CLANG_CXX_LIBRARY = "libc++";
				CLANG_ENABLE_MODULES = YES;
				CLANG_ENABLE_OBJC_ARC = YES;
				CLANG_WARN_BLOCK_CAPTURE_AUTORELEASING = YES;
				CLANG_WARN_BOOL_CONVERSION = YES;
				CLANG_WARN_COMMA = YES;
				CLANG_WARN_CONSTANT_CONVERSION = YES;
				CLANG_WARN_DIRECT_OBJC_ISA_USAGE = YES_ERROR;
				CLANG_WARN_DOCUMENTATION_COMMENTS = YES;
				CLANG_WARN_EMPTY_BODY = YES;
				CLANG_WARN_ENUM_CONVERSION = YES;
				CLANG_WARN_INFINITE_RECURSION = YES;
				CLANG_WARN_INT_CONVERSION = YES;
				CLANG_WARN_NON_LITERAL_NULL_CONVERSION = YES;
				CLANG_WARN_OBJC_LITERAL_CONVERSION = YES;
				CLANG_WARN_OBJC_ROOT_CLASS = YES_ERROR;
				CLANG_WARN_RANGE_LOOP_ANALYSIS = YES;
				CLANG_WARN_STRICT_PROTOTYPES = YES;
				CLANG_WARN_SUSPICIOUS_MOVE = YES;
				CLANG_WARN_UNGUARDED_AVAILABILITY = YES_AGGRESSIVE;
				CLANG_WARN_UNREACHABLE_CODE = YES;
				CLANG_WARN__DUPLICATE_METHOD_MATCH = YES;
				CODE_SIGN_IDENTITY = "iPhone Developer";
				COPY_PHASE_STRIP = NO;
				CURRENT_PROJECT_VERSION = 1;
				DEBUG_INFORMATION_FORMAT = dwarf;
				ENABLE_STRICT_OBJC_MSGSEND = YES;
				ENABLE_TESTABILITY = YES;
				GCC_C_LANGUAGE_STANDARD = gnu11;
				GCC_DYNAMIC_NO_PIC = NO;
				GCC_NO_COMMON_BLOCKS = YES;
				GCC_OPTIMIZATION_LEVEL = 0;
				GCC_PREPROCESSOR_DEFINITIONS = (
					"DEBUG=1",
					"$(inherited)",
				);
				GCC_WARN_64_TO_32_BIT_CONVERSION = YES;
				GCC_WARN_ABOUT_RETURN_TYPE = YES_ERROR;
				GCC_WARN_UNDECLARED_SELECTOR = YES;
				GCC_WARN_UNINITIALIZED_AUTOS = YES_AGGRESSIVE;
				GCC_WARN_UNUSED_FUNCTION = YES;
				GCC_WARN_UNUSED_VARIABLE = YES;
				IPHONEOS_DEPLOYMENT_TARGET = 9.0;
				MTL_ENABLE_DEBUG_INFO = YES;
				ONLY_ACTIVE_ARCH = YES;
				SDKROOT = iphoneos;
				SWIFT_ACTIVE_COMPILATION_CONDITIONS = DEBUG;
				SWIFT_OPTIMIZATION_LEVEL = "-Onone";
				VERSIONING_SYSTEM = "apple-generic";
				VERSION_INFO_PREFIX = "";
			};
			name = Debug;
		};
		EAE9CCB11FBAE0A000C1B9F2 /* Release */ = {
			isa = XCBuildConfiguration;
			buildSettings = {
				ALWAYS_SEARCH_USER_PATHS = NO;
				CLANG_ANALYZER_NONNULL = YES;
				CLANG_ANALYZER_NUMBER_OBJECT_CONVERSION = YES_AGGRESSIVE;
				CLANG_CXX_LANGUAGE_STANDARD = "gnu++14";
				CLANG_CXX_LIBRARY = "libc++";
				CLANG_ENABLE_MODULES = YES;
				CLANG_ENABLE_OBJC_ARC = YES;
				CLANG_WARN_BLOCK_CAPTURE_AUTORELEASING = YES;
				CLANG_WARN_BOOL_CONVERSION = YES;
				CLANG_WARN_COMMA = YES;
				CLANG_WARN_CONSTANT_CONVERSION = YES;
				CLANG_WARN_DIRECT_OBJC_ISA_USAGE = YES_ERROR;
				CLANG_WARN_DOCUMENTATION_COMMENTS = YES;
				CLANG_WARN_EMPTY_BODY = YES;
				CLANG_WARN_ENUM_CONVERSION = YES;
				CLANG_WARN_INFINITE_RECURSION = YES;
				CLANG_WARN_INT_CONVERSION = YES;
				CLANG_WARN_NON_LITERAL_NULL_CONVERSION = YES;
				CLANG_WARN_OBJC_LITERAL_CONVERSION = YES;
				CLANG_WARN_OBJC_ROOT_CLASS = YES_ERROR;
				CLANG_WARN_RANGE_LOOP_ANALYSIS = YES;
				CLANG_WARN_STRICT_PROTOTYPES = YES;
				CLANG_WARN_SUSPICIOUS_MOVE = YES;
				CLANG_WARN_UNGUARDED_AVAILABILITY = YES_AGGRESSIVE;
				CLANG_WARN_UNREACHABLE_CODE = YES;
				CLANG_WARN__DUPLICATE_METHOD_MATCH = YES;
				CODE_SIGN_IDENTITY = "iPhone Developer";
				COPY_PHASE_STRIP = NO;
				CURRENT_PROJECT_VERSION = 1;
				DEBUG_INFORMATION_FORMAT = "dwarf-with-dsym";
				ENABLE_NS_ASSERTIONS = NO;
				ENABLE_STRICT_OBJC_MSGSEND = YES;
				GCC_C_LANGUAGE_STANDARD = gnu11;
				GCC_NO_COMMON_BLOCKS = YES;
				GCC_WARN_64_TO_32_BIT_CONVERSION = YES;
				GCC_WARN_ABOUT_RETURN_TYPE = YES_ERROR;
				GCC_WARN_UNDECLARED_SELECTOR = YES;
				GCC_WARN_UNINITIALIZED_AUTOS = YES_AGGRESSIVE;
				GCC_WARN_UNUSED_FUNCTION = YES;
				GCC_WARN_UNUSED_VARIABLE = YES;
				IPHONEOS_DEPLOYMENT_TARGET = 9.0;
				MTL_ENABLE_DEBUG_INFO = NO;
				SDKROOT = iphoneos;
				SWIFT_OPTIMIZATION_LEVEL = "-Owholemodule";
				VALIDATE_PRODUCT = YES;
				VERSIONING_SYSTEM = "apple-generic";
				VERSION_INFO_PREFIX = "";
			};
			name = Release;
		};
		EAE9CCB31FBAE0A000C1B9F2 /* Debug */ = {
			isa = XCBuildConfiguration;
			buildSettings = {
				CLANG_ENABLE_MODULES = YES;
				CODE_SIGN_IDENTITY = "";
				CODE_SIGN_STYLE = Automatic;
				DEFINES_MODULE = YES;
				DEVELOPMENT_TEAM = 6TWG7MTXRP;
				DYLIB_COMPATIBILITY_VERSION = 1;
				DYLIB_CURRENT_VERSION = 1;
				DYLIB_INSTALL_NAME_BASE = "@rpath";
				INFOPLIST_FILE = "ios-logger/Info.plist";
				INSTALL_PATH = "@executable_path/../Frameworks";
				IPHONEOS_DEPLOYMENT_TARGET = 9.0;
				LD_RUNPATH_SEARCH_PATHS = "$(inherited) @executable_path/Frameworks @loader_path/Frameworks";
				PRODUCT_BUNDLE_IDENTIFIER = "com.e-legion.ios-logger.ios-logger";
				PRODUCT_NAME = "$(TARGET_NAME:c99extidentifier)";
				SKIP_INSTALL = YES;
				SWIFT_OPTIMIZATION_LEVEL = "-Onone";
				SWIFT_VERSION = 4.0;
				TARGETED_DEVICE_FAMILY = "1,2";
			};
			name = Debug;
		};
		EAE9CCB41FBAE0A000C1B9F2 /* Release */ = {
			isa = XCBuildConfiguration;
			buildSettings = {
				CLANG_ENABLE_MODULES = YES;
				CODE_SIGN_IDENTITY = "";
				CODE_SIGN_STYLE = Automatic;
				DEFINES_MODULE = YES;
				DEVELOPMENT_TEAM = 6TWG7MTXRP;
				DYLIB_COMPATIBILITY_VERSION = 1;
				DYLIB_CURRENT_VERSION = 1;
				DYLIB_INSTALL_NAME_BASE = "@rpath";
				INFOPLIST_FILE = "ios-logger/Info.plist";
				INSTALL_PATH = "@executable_path/../Frameworks";
				IPHONEOS_DEPLOYMENT_TARGET = 9.0;
				LD_RUNPATH_SEARCH_PATHS = "$(inherited) @executable_path/Frameworks @loader_path/Frameworks";
				PRODUCT_BUNDLE_IDENTIFIER = "com.e-legion.ios-logger.ios-logger";
				PRODUCT_NAME = "$(TARGET_NAME:c99extidentifier)";
				SKIP_INSTALL = YES;
				SWIFT_VERSION = 4.0;
				TARGETED_DEVICE_FAMILY = "1,2";
			};
			name = Release;
		};
/* End XCBuildConfiguration section */

/* Begin XCConfigurationList section */
		EAE9CCA41FBAE0A000C1B9F2 /* Build configuration list for PBXProject "ios-logger" */ = {
			isa = XCConfigurationList;
			buildConfigurations = (
				EAE9CCB01FBAE0A000C1B9F2 /* Debug */,
				EAE9CCB11FBAE0A000C1B9F2 /* Release */,
			);
			defaultConfigurationIsVisible = 0;
			defaultConfigurationName = Release;
		};
		EAE9CCB21FBAE0A000C1B9F2 /* Build configuration list for PBXNativeTarget "ios-logger" */ = {
			isa = XCConfigurationList;
			buildConfigurations = (
				EAE9CCB31FBAE0A000C1B9F2 /* Debug */,
				EAE9CCB41FBAE0A000C1B9F2 /* Release */,
			);
			defaultConfigurationIsVisible = 0;
			defaultConfigurationName = Release;
		};
/* End XCConfigurationList section */

/* Begin XCVersionGroup section */
		EA17176F1FBC35B200097CC4 /* com.e-legion.DefaultStorageDataModel.xcdatamodeld */ = {
			isa = XCVersionGroup;
			children = (
				EA1717701FBC35B200097CC4 /* DefaultStorageDataModel.xcdatamodel */,
			);
			currentVersion = EA1717701FBC35B200097CC4 /* DefaultStorageDataModel.xcdatamodel */;
			path = "com.e-legion.DefaultStorageDataModel.xcdatamodeld";
			sourceTree = "<group>";
			versionGroupType = wrapper.xcdatamodel;
		};
/* End XCVersionGroup section */
	};
	rootObject = EAE9CCA11FBAE0A000C1B9F2 /* Project object */;
}
